
Microsoft Visual Studio Solution File, Format Version 12.00
# Visual Studio 2013
VisualStudioVersion = 12.0.21005.1
MinimumVisualStudioVersion = 10.0.40219.1
Project("{FAE04EC0-301F-11D3-BF4B-00C04F79EFBC}") = "CUDAFingerprinting.Common.OrientationField", "CUDAFingerprinting.Common.OrientationField\CUDAFingerprinting.Common.OrientationField.csproj", "{5EEC4BD2-E1B0-4794-948A-45732CD41F99}"
EndProject
Project("{FAE04EC0-301F-11D3-BF4B-00C04F79EFBC}") = "CUDAFingerprinting.Common", "CUDAFingerprinting.Common\CUDAFingerprinting.Common.csproj", "{6FD094CC-0F63-47BD-A377-F054AE615517}"
EndProject
Project("{FAE04EC0-301F-11D3-BF4B-00C04F79EFBC}") = "CUDAFingerprinting.Common.ComplexFilters", "CUDAFingerprinting.Common.ComplexFilters\CUDAFingerprinting.Common.ComplexFilters.csproj", "{9CBC91CE-0EE7-4A78-A5F5-89EA40023F52}"
EndProject
Project("{FAE04EC0-301F-11D3-BF4B-00C04F79EFBC}") = "CUDAFingerprinting.Common.Segmentation", "CUDAFingerprinting.Common.Segmentation\CUDAFingerprinting.Common.Segmentation.csproj", "{6BEF775C-E400-4EA6-A220-15BE47B27148}"
EndProject
Project("{FAE04EC0-301F-11D3-BF4B-00C04F79EFBC}") = "CUDAFingerprinting.Common.Serialization", "CUDAFingerprinting.Common.SerializationHelper\CUDAFingerprinting.Common.Serialization.csproj", "{C57F6464-8900-4CC8-A08C-5A7B33BDAF60}"
EndProject
Project("{FAE04EC0-301F-11D3-BF4B-00C04F79EFBC}") = "CUDAFingerprinting.Common.ConvexHull", "CUDAFingerprinting.Common.ConvexHull\CUDAFingerprinting.Common.ConvexHull.csproj", "{DDF83AFE-585E-463E-8835-FD11B389EF04}"
EndProject
Project("{FAE04EC0-301F-11D3-BF4B-00C04F79EFBC}") = "CUDAFingerprinting.Common.OrientationField.Tests", "CUDAFingerprinting.Common.OrientationField.Test\CUDAFingerprinting.Common.OrientationField.Tests.csproj", "{12F715CF-D9A7-49CA-B0A3-D9E34CC60821}"
EndProject
Project("{2150E333-8FDC-42A3-9474-1A3956D46DE8}") = "Tests", "Tests", "{AC5114BA-2AFF-4C60-8B80-19CAE86DD4F7}"
EndProject
Project("{FAE04EC0-301F-11D3-BF4B-00C04F79EFBC}") = "CUDAFingerprinting.Common.Tests", "CUDAFingerprinting.Common.Tests\CUDAFingerprinting.Common.Tests.csproj", "{38A60AAB-F01A-4C84-9EEA-0B3D98B8AE89}"
EndProject
Project("{FAE04EC0-301F-11D3-BF4B-00C04F79EFBC}") = "CUDAFingerprinting.Common.Thinning", "CUDAFingerprinting.Common.Thinning\CUDAFingerprinting.Common.Thinning.csproj", "{5BAAC4F1-87B1-4ECE-8DAA-0AEB307045EC}"
EndProject
Project("{FAE04EC0-301F-11D3-BF4B-00C04F79EFBC}") = "CUDAFingerprinting.Common.Thinning.Tests", "CUDAFingerprinting.Common.Thinning.Tests\CUDAFingerprinting.Common.Thinning.Tests.csproj", "{0D060CC8-D377-4A9B-90F3-B189525B77E1}"
EndProject
Project("{FAE04EC0-301F-11D3-BF4B-00C04F79EFBC}") = "CUDAFingerprinting.Common.BinCylinderCorrelation", "CUDAFingerprinting.Common.BinCylinderCorrelation\CUDAFingerprinting.Common.BinCylinderCorrelation.csproj", "{26758214-0074-43FC-92A1-33DC2FE47A48}"
EndProject
Project("{FAE04EC0-301F-11D3-BF4B-00C04F79EFBC}") = "CUDAFingerprinting.Common.BinCylinderCorrelation.Tests", "CUDAFingerprinting.Common.BinCylinderCorrelation.Tests\CUDAFingerprinting.Common.BinCylinderCorrelation.Tests.csproj", "{A99660C3-0337-4038-8E56-F05012D7ACED}"
EndProject
Global
	GlobalSection(SolutionConfigurationPlatforms) = preSolution
		Debug|Any CPU = Debug|Any CPU
		Debug|Mixed Platforms = Debug|Mixed Platforms
		Debug|Win32 = Debug|Win32
		Debug|x64 = Debug|x64
		Debug|x86 = Debug|x86
		Release|Any CPU = Release|Any CPU
		Release|Mixed Platforms = Release|Mixed Platforms
		Release|Win32 = Release|Win32
		Release|x64 = Release|x64
		Release|x86 = Release|x86
	EndGlobalSection
	GlobalSection(ProjectConfigurationPlatforms) = postSolution
		{5EEC4BD2-E1B0-4794-948A-45732CD41F99}.Debug|Any CPU.ActiveCfg = Debug|Any CPU
		{5EEC4BD2-E1B0-4794-948A-45732CD41F99}.Debug|Any CPU.Build.0 = Debug|Any CPU
		{5EEC4BD2-E1B0-4794-948A-45732CD41F99}.Debug|Mixed Platforms.ActiveCfg = Debug|Any CPU
		{5EEC4BD2-E1B0-4794-948A-45732CD41F99}.Debug|Mixed Platforms.Build.0 = Debug|Any CPU
		{5EEC4BD2-E1B0-4794-948A-45732CD41F99}.Debug|Win32.ActiveCfg = Debug|Any CPU
		{5EEC4BD2-E1B0-4794-948A-45732CD41F99}.Debug|x64.ActiveCfg = Debug|Any CPU
		{5EEC4BD2-E1B0-4794-948A-45732CD41F99}.Debug|x86.ActiveCfg = Debug|Any CPU
		{5EEC4BD2-E1B0-4794-948A-45732CD41F99}.Release|Any CPU.ActiveCfg = Release|Any CPU
		{5EEC4BD2-E1B0-4794-948A-45732CD41F99}.Release|Any CPU.Build.0 = Release|Any CPU
		{5EEC4BD2-E1B0-4794-948A-45732CD41F99}.Release|Mixed Platforms.ActiveCfg = Release|Any CPU
		{5EEC4BD2-E1B0-4794-948A-45732CD41F99}.Release|Mixed Platforms.Build.0 = Release|Any CPU
		{5EEC4BD2-E1B0-4794-948A-45732CD41F99}.Release|Win32.ActiveCfg = Release|Any CPU
		{5EEC4BD2-E1B0-4794-948A-45732CD41F99}.Release|x64.ActiveCfg = Release|Any CPU
		{5EEC4BD2-E1B0-4794-948A-45732CD41F99}.Release|x86.ActiveCfg = Release|Any CPU
		{6FD094CC-0F63-47BD-A377-F054AE615517}.Debug|Any CPU.ActiveCfg = Debug|Any CPU
		{6FD094CC-0F63-47BD-A377-F054AE615517}.Debug|Any CPU.Build.0 = Debug|Any CPU
		{6FD094CC-0F63-47BD-A377-F054AE615517}.Debug|Mixed Platforms.ActiveCfg = Debug|Any CPU
		{6FD094CC-0F63-47BD-A377-F054AE615517}.Debug|Mixed Platforms.Build.0 = Debug|Any CPU
		{6FD094CC-0F63-47BD-A377-F054AE615517}.Debug|Win32.ActiveCfg = Debug|Any CPU
		{6FD094CC-0F63-47BD-A377-F054AE615517}.Debug|x64.ActiveCfg = Debug|Any CPU
		{6FD094CC-0F63-47BD-A377-F054AE615517}.Debug|x86.ActiveCfg = Debug|Any CPU
		{6FD094CC-0F63-47BD-A377-F054AE615517}.Release|Any CPU.ActiveCfg = Release|Any CPU
		{6FD094CC-0F63-47BD-A377-F054AE615517}.Release|Any CPU.Build.0 = Release|Any CPU
		{6FD094CC-0F63-47BD-A377-F054AE615517}.Release|Mixed Platforms.ActiveCfg = Release|Any CPU
		{6FD094CC-0F63-47BD-A377-F054AE615517}.Release|Mixed Platforms.Build.0 = Release|Any CPU
		{6FD094CC-0F63-47BD-A377-F054AE615517}.Release|Win32.ActiveCfg = Release|Any CPU
		{6FD094CC-0F63-47BD-A377-F054AE615517}.Release|x64.ActiveCfg = Release|Any CPU
		{6FD094CC-0F63-47BD-A377-F054AE615517}.Release|x86.ActiveCfg = Release|Any CPU
		{9CBC91CE-0EE7-4A78-A5F5-89EA40023F52}.Debug|Any CPU.ActiveCfg = Debug|Any CPU
		{9CBC91CE-0EE7-4A78-A5F5-89EA40023F52}.Debug|Any CPU.Build.0 = Debug|Any CPU
		{9CBC91CE-0EE7-4A78-A5F5-89EA40023F52}.Debug|Mixed Platforms.ActiveCfg = Debug|Any CPU
		{9CBC91CE-0EE7-4A78-A5F5-89EA40023F52}.Debug|Mixed Platforms.Build.0 = Debug|Any CPU
		{9CBC91CE-0EE7-4A78-A5F5-89EA40023F52}.Debug|Win32.ActiveCfg = Debug|Any CPU
		{9CBC91CE-0EE7-4A78-A5F5-89EA40023F52}.Debug|x64.ActiveCfg = Debug|Any CPU
		{9CBC91CE-0EE7-4A78-A5F5-89EA40023F52}.Debug|x86.ActiveCfg = Debug|Any CPU
		{9CBC91CE-0EE7-4A78-A5F5-89EA40023F52}.Release|Any CPU.ActiveCfg = Release|Any CPU
		{9CBC91CE-0EE7-4A78-A5F5-89EA40023F52}.Release|Any CPU.Build.0 = Release|Any CPU
		{9CBC91CE-0EE7-4A78-A5F5-89EA40023F52}.Release|Mixed Platforms.ActiveCfg = Release|Any CPU
		{9CBC91CE-0EE7-4A78-A5F5-89EA40023F52}.Release|Mixed Platforms.Build.0 = Release|Any CPU
		{9CBC91CE-0EE7-4A78-A5F5-89EA40023F52}.Release|Win32.ActiveCfg = Release|Any CPU
		{9CBC91CE-0EE7-4A78-A5F5-89EA40023F52}.Release|x64.ActiveCfg = Release|Any CPU
		{9CBC91CE-0EE7-4A78-A5F5-89EA40023F52}.Release|x86.ActiveCfg = Release|Any CPU
		{6BEF775C-E400-4EA6-A220-15BE47B27148}.Debug|Any CPU.ActiveCfg = Debug|Any CPU
		{6BEF775C-E400-4EA6-A220-15BE47B27148}.Debug|Any CPU.Build.0 = Debug|Any CPU
		{6BEF775C-E400-4EA6-A220-15BE47B27148}.Debug|Mixed Platforms.ActiveCfg = Debug|Any CPU
		{6BEF775C-E400-4EA6-A220-15BE47B27148}.Debug|Mixed Platforms.Build.0 = Debug|Any CPU
		{6BEF775C-E400-4EA6-A220-15BE47B27148}.Debug|Win32.ActiveCfg = Debug|Any CPU
		{6BEF775C-E400-4EA6-A220-15BE47B27148}.Debug|x64.ActiveCfg = Debug|Any CPU
		{6BEF775C-E400-4EA6-A220-15BE47B27148}.Debug|x86.ActiveCfg = Debug|Any CPU
		{6BEF775C-E400-4EA6-A220-15BE47B27148}.Release|Any CPU.ActiveCfg = Release|Any CPU
		{6BEF775C-E400-4EA6-A220-15BE47B27148}.Release|Any CPU.Build.0 = Release|Any CPU
		{6BEF775C-E400-4EA6-A220-15BE47B27148}.Release|Mixed Platforms.ActiveCfg = Release|Any CPU
		{6BEF775C-E400-4EA6-A220-15BE47B27148}.Release|Mixed Platforms.Build.0 = Release|Any CPU
		{6BEF775C-E400-4EA6-A220-15BE47B27148}.Release|Win32.ActiveCfg = Release|Any CPU
		{6BEF775C-E400-4EA6-A220-15BE47B27148}.Release|x64.ActiveCfg = Release|Any CPU
		{6BEF775C-E400-4EA6-A220-15BE47B27148}.Release|x86.ActiveCfg = Release|Any CPU
		{C57F6464-8900-4CC8-A08C-5A7B33BDAF60}.Debug|Any CPU.ActiveCfg = Debug|Any CPU
		{C57F6464-8900-4CC8-A08C-5A7B33BDAF60}.Debug|Any CPU.Build.0 = Debug|Any CPU
		{C57F6464-8900-4CC8-A08C-5A7B33BDAF60}.Debug|Mixed Platforms.ActiveCfg = Debug|Any CPU
		{C57F6464-8900-4CC8-A08C-5A7B33BDAF60}.Debug|Mixed Platforms.Build.0 = Debug|Any CPU
		{C57F6464-8900-4CC8-A08C-5A7B33BDAF60}.Debug|Win32.ActiveCfg = Debug|Any CPU
		{C57F6464-8900-4CC8-A08C-5A7B33BDAF60}.Debug|x64.ActiveCfg = Debug|Any CPU
		{C57F6464-8900-4CC8-A08C-5A7B33BDAF60}.Debug|x86.ActiveCfg = Debug|Any CPU
		{C57F6464-8900-4CC8-A08C-5A7B33BDAF60}.Release|Any CPU.ActiveCfg = Release|Any CPU
		{C57F6464-8900-4CC8-A08C-5A7B33BDAF60}.Release|Any CPU.Build.0 = Release|Any CPU
		{C57F6464-8900-4CC8-A08C-5A7B33BDAF60}.Release|Mixed Platforms.ActiveCfg = Release|Any CPU
		{C57F6464-8900-4CC8-A08C-5A7B33BDAF60}.Release|Mixed Platforms.Build.0 = Release|Any CPU
		{C57F6464-8900-4CC8-A08C-5A7B33BDAF60}.Release|Win32.ActiveCfg = Release|Any CPU
		{C57F6464-8900-4CC8-A08C-5A7B33BDAF60}.Release|x64.ActiveCfg = Release|Any CPU
		{C57F6464-8900-4CC8-A08C-5A7B33BDAF60}.Release|x86.ActiveCfg = Release|Any CPU
		{DDF83AFE-585E-463E-8835-FD11B389EF04}.Debug|Any CPU.ActiveCfg = Debug|Any CPU
		{DDF83AFE-585E-463E-8835-FD11B389EF04}.Debug|Any CPU.Build.0 = Debug|Any CPU
		{DDF83AFE-585E-463E-8835-FD11B389EF04}.Debug|Mixed Platforms.ActiveCfg = Debug|Any CPU
		{DDF83AFE-585E-463E-8835-FD11B389EF04}.Debug|Mixed Platforms.Build.0 = Debug|Any CPU
		{DDF83AFE-585E-463E-8835-FD11B389EF04}.Debug|Win32.ActiveCfg = Debug|Any CPU
		{DDF83AFE-585E-463E-8835-FD11B389EF04}.Debug|x64.ActiveCfg = Debug|Any CPU
		{DDF83AFE-585E-463E-8835-FD11B389EF04}.Debug|x86.ActiveCfg = Debug|Any CPU
		{DDF83AFE-585E-463E-8835-FD11B389EF04}.Release|Any CPU.ActiveCfg = Release|Any CPU
		{DDF83AFE-585E-463E-8835-FD11B389EF04}.Release|Any CPU.Build.0 = Release|Any CPU
		{DDF83AFE-585E-463E-8835-FD11B389EF04}.Release|Mixed Platforms.ActiveCfg = Release|Any CPU
		{DDF83AFE-585E-463E-8835-FD11B389EF04}.Release|Mixed Platforms.Build.0 = Release|Any CPU
		{DDF83AFE-585E-463E-8835-FD11B389EF04}.Release|Win32.ActiveCfg = Release|Any CPU
		{DDF83AFE-585E-463E-8835-FD11B389EF04}.Release|x64.ActiveCfg = Release|Any CPU
		{DDF83AFE-585E-463E-8835-FD11B389EF04}.Release|x86.ActiveCfg = Release|Any CPU
		{12F715CF-D9A7-49CA-B0A3-D9E34CC60821}.Debug|Any CPU.ActiveCfg = Debug|Any CPU
		{12F715CF-D9A7-49CA-B0A3-D9E34CC60821}.Debug|Any CPU.Build.0 = Debug|Any CPU
		{12F715CF-D9A7-49CA-B0A3-D9E34CC60821}.Debug|Mixed Platforms.ActiveCfg = Debug|Any CPU
		{12F715CF-D9A7-49CA-B0A3-D9E34CC60821}.Debug|Mixed Platforms.Build.0 = Debug|Any CPU
		{12F715CF-D9A7-49CA-B0A3-D9E34CC60821}.Debug|Win32.ActiveCfg = Debug|Any CPU
		{12F715CF-D9A7-49CA-B0A3-D9E34CC60821}.Debug|x64.ActiveCfg = Debug|Any CPU
		{12F715CF-D9A7-49CA-B0A3-D9E34CC60821}.Debug|x86.ActiveCfg = Debug|Any CPU
		{12F715CF-D9A7-49CA-B0A3-D9E34CC60821}.Release|Any CPU.ActiveCfg = Release|Any CPU
		{12F715CF-D9A7-49CA-B0A3-D9E34CC60821}.Release|Any CPU.Build.0 = Release|Any CPU
		{12F715CF-D9A7-49CA-B0A3-D9E34CC60821}.Release|Mixed Platforms.ActiveCfg = Release|Any CPU
		{12F715CF-D9A7-49CA-B0A3-D9E34CC60821}.Release|Mixed Platforms.Build.0 = Release|Any CPU
		{12F715CF-D9A7-49CA-B0A3-D9E34CC60821}.Release|Win32.ActiveCfg = Release|Any CPU
		{12F715CF-D9A7-49CA-B0A3-D9E34CC60821}.Release|x64.ActiveCfg = Release|Any CPU
		{12F715CF-D9A7-49CA-B0A3-D9E34CC60821}.Release|x86.ActiveCfg = Release|Any CPU
		{38A60AAB-F01A-4C84-9EEA-0B3D98B8AE89}.Debug|Any CPU.ActiveCfg = Debug|Any CPU
		{38A60AAB-F01A-4C84-9EEA-0B3D98B8AE89}.Debug|Any CPU.Build.0 = Debug|Any CPU
		{38A60AAB-F01A-4C84-9EEA-0B3D98B8AE89}.Debug|Mixed Platforms.ActiveCfg = Debug|Any CPU
		{38A60AAB-F01A-4C84-9EEA-0B3D98B8AE89}.Debug|Mixed Platforms.Build.0 = Debug|Any CPU
		{38A60AAB-F01A-4C84-9EEA-0B3D98B8AE89}.Debug|Win32.ActiveCfg = Debug|Any CPU
		{38A60AAB-F01A-4C84-9EEA-0B3D98B8AE89}.Debug|x64.ActiveCfg = Debug|Any CPU
		{38A60AAB-F01A-4C84-9EEA-0B3D98B8AE89}.Debug|x86.ActiveCfg = Debug|Any CPU
		{38A60AAB-F01A-4C84-9EEA-0B3D98B8AE89}.Release|Any CPU.ActiveCfg = Release|Any CPU
		{38A60AAB-F01A-4C84-9EEA-0B3D98B8AE89}.Release|Any CPU.Build.0 = Release|Any CPU
		{38A60AAB-F01A-4C84-9EEA-0B3D98B8AE89}.Release|Mixed Platforms.ActiveCfg = Release|Any CPU
		{38A60AAB-F01A-4C84-9EEA-0B3D98B8AE89}.Release|Mixed Platforms.Build.0 = Release|Any CPU
		{38A60AAB-F01A-4C84-9EEA-0B3D98B8AE89}.Release|Win32.ActiveCfg = Release|Any CPU
		{38A60AAB-F01A-4C84-9EEA-0B3D98B8AE89}.Release|x64.ActiveCfg = Release|Any CPU
		{38A60AAB-F01A-4C84-9EEA-0B3D98B8AE89}.Release|x86.ActiveCfg = Release|Any CPU
		{5BAAC4F1-87B1-4ECE-8DAA-0AEB307045EC}.Debug|Any CPU.ActiveCfg = Debug|Any CPU
		{5BAAC4F1-87B1-4ECE-8DAA-0AEB307045EC}.Debug|Any CPU.Build.0 = Debug|Any CPU
		{5BAAC4F1-87B1-4ECE-8DAA-0AEB307045EC}.Debug|Mixed Platforms.ActiveCfg = Debug|Any CPU
		{5BAAC4F1-87B1-4ECE-8DAA-0AEB307045EC}.Debug|Mixed Platforms.Build.0 = Debug|Any CPU
		{5BAAC4F1-87B1-4ECE-8DAA-0AEB307045EC}.Debug|Win32.ActiveCfg = Debug|Any CPU
		{5BAAC4F1-87B1-4ECE-8DAA-0AEB307045EC}.Debug|x64.ActiveCfg = Debug|Any CPU
		{5BAAC4F1-87B1-4ECE-8DAA-0AEB307045EC}.Debug|x86.ActiveCfg = Debug|Any CPU
		{5BAAC4F1-87B1-4ECE-8DAA-0AEB307045EC}.Release|Any CPU.ActiveCfg = Release|Any CPU
		{5BAAC4F1-87B1-4ECE-8DAA-0AEB307045EC}.Release|Any CPU.Build.0 = Release|Any CPU
		{5BAAC4F1-87B1-4ECE-8DAA-0AEB307045EC}.Release|Mixed Platforms.ActiveCfg = Release|Any CPU
		{5BAAC4F1-87B1-4ECE-8DAA-0AEB307045EC}.Release|Mixed Platforms.Build.0 = Release|Any CPU
		{5BAAC4F1-87B1-4ECE-8DAA-0AEB307045EC}.Release|Win32.ActiveCfg = Release|Any CPU
		{5BAAC4F1-87B1-4ECE-8DAA-0AEB307045EC}.Release|x64.ActiveCfg = Release|Any CPU
		{5BAAC4F1-87B1-4ECE-8DAA-0AEB307045EC}.Release|x86.ActiveCfg = Release|Any CPU
		{0D060CC8-D377-4A9B-90F3-B189525B77E1}.Debug|Any CPU.ActiveCfg = Debug|Any CPU
		{0D060CC8-D377-4A9B-90F3-B189525B77E1}.Debug|Any CPU.Build.0 = Debug|Any CPU
		{0D060CC8-D377-4A9B-90F3-B189525B77E1}.Debug|Mixed Platforms.ActiveCfg = Debug|Any CPU
		{0D060CC8-D377-4A9B-90F3-B189525B77E1}.Debug|Mixed Platforms.Build.0 = Debug|Any CPU
		{0D060CC8-D377-4A9B-90F3-B189525B77E1}.Debug|Win32.ActiveCfg = Debug|Any CPU
		{0D060CC8-D377-4A9B-90F3-B189525B77E1}.Debug|x64.ActiveCfg = Debug|Any CPU
		{0D060CC8-D377-4A9B-90F3-B189525B77E1}.Debug|x86.ActiveCfg = Debug|Any CPU
		{0D060CC8-D377-4A9B-90F3-B189525B77E1}.Release|Any CPU.ActiveCfg = Release|Any CPU
		{0D060CC8-D377-4A9B-90F3-B189525B77E1}.Release|Any CPU.Build.0 = Release|Any CPU
		{0D060CC8-D377-4A9B-90F3-B189525B77E1}.Release|Mixed Platforms.ActiveCfg = Release|Any CPU
		{0D060CC8-D377-4A9B-90F3-B189525B77E1}.Release|Mixed Platforms.Build.0 = Release|Any CPU
		{0D060CC8-D377-4A9B-90F3-B189525B77E1}.Release|Win32.ActiveCfg = Release|Any CPU
		{0D060CC8-D377-4A9B-90F3-B189525B77E1}.Release|x64.ActiveCfg = Release|Any CPU
		{0D060CC8-D377-4A9B-90F3-B189525B77E1}.Release|x86.ActiveCfg = Release|Any CPU
		{26758214-0074-43FC-92A1-33DC2FE47A48}.Debug|Any CPU.ActiveCfg = Debug|Any CPU
		{26758214-0074-43FC-92A1-33DC2FE47A48}.Debug|Any CPU.Build.0 = Debug|Any CPU
		{26758214-0074-43FC-92A1-33DC2FE47A48}.Debug|Mixed Platforms.ActiveCfg = Debug|Any CPU
		{26758214-0074-43FC-92A1-33DC2FE47A48}.Debug|Mixed Platforms.Build.0 = Debug|Any CPU
		{26758214-0074-43FC-92A1-33DC2FE47A48}.Debug|Win32.ActiveCfg = Debug|Any CPU
		{26758214-0074-43FC-92A1-33DC2FE47A48}.Debug|x64.ActiveCfg = Debug|Any CPU
		{26758214-0074-43FC-92A1-33DC2FE47A48}.Debug|x86.ActiveCfg = Debug|Any CPU
		{26758214-0074-43FC-92A1-33DC2FE47A48}.Release|Any CPU.ActiveCfg = Release|Any CPU
		{26758214-0074-43FC-92A1-33DC2FE47A48}.Release|Any CPU.Build.0 = Release|Any CPU
		{26758214-0074-43FC-92A1-33DC2FE47A48}.Release|Mixed Platforms.ActiveCfg = Release|Any CPU
		{26758214-0074-43FC-92A1-33DC2FE47A48}.Release|Mixed Platforms.Build.0 = Release|Any CPU
		{26758214-0074-43FC-92A1-33DC2FE47A48}.Release|Win32.ActiveCfg = Release|Any CPU
		{26758214-0074-43FC-92A1-33DC2FE47A48}.Release|x64.ActiveCfg = Release|Any CPU
		{26758214-0074-43FC-92A1-33DC2FE47A48}.Release|x86.ActiveCfg = Release|Any CPU
		{A99660C3-0337-4038-8E56-F05012D7ACED}.Debug|Any CPU.ActiveCfg = Debug|Any CPU
		{A99660C3-0337-4038-8E56-F05012D7ACED}.Debug|Any CPU.Build.0 = Debug|Any CPU
		{A99660C3-0337-4038-8E56-F05012D7ACED}.Debug|Mixed Platforms.ActiveCfg = Debug|Any CPU
		{A99660C3-0337-4038-8E56-F05012D7ACED}.Debug|Mixed Platforms.Build.0 = Debug|Any CPU
		{A99660C3-0337-4038-8E56-F05012D7ACED}.Debug|Win32.ActiveCfg = Debug|Any CPU
		{A99660C3-0337-4038-8E56-F05012D7ACED}.Debug|x64.ActiveCfg = Debug|Any CPU
		{A99660C3-0337-4038-8E56-F05012D7ACED}.Debug|x86.ActiveCfg = Debug|Any CPU
		{A99660C3-0337-4038-8E56-F05012D7ACED}.Release|Any CPU.ActiveCfg = Release|Any CPU
		{A99660C3-0337-4038-8E56-F05012D7ACED}.Release|Any CPU.Build.0 = Release|Any CPU
		{A99660C3-0337-4038-8E56-F05012D7ACED}.Release|Mixed Platforms.ActiveCfg = Release|Any CPU
		{A99660C3-0337-4038-8E56-F05012D7ACED}.Release|Mixed Platforms.Build.0 = Release|Any CPU
		{A99660C3-0337-4038-8E56-F05012D7ACED}.Release|Win32.ActiveCfg = Release|Any CPU
		{A99660C3-0337-4038-8E56-F05012D7ACED}.Release|x64.ActiveCfg = Release|Any CPU
		{A99660C3-0337-4038-8E56-F05012D7ACED}.Release|x86.ActiveCfg = Release|Any CPU
	EndGlobalSection
	GlobalSection(SolutionProperties) = preSolution
		HideSolutionNode = FALSE
	EndGlobalSection
	GlobalSection(NestedProjects) = preSolution
		{12F715CF-D9A7-49CA-B0A3-D9E34CC60821} = {AC5114BA-2AFF-4C60-8B80-19CAE86DD4F7}
		{38A60AAB-F01A-4C84-9EEA-0B3D98B8AE89} = {AC5114BA-2AFF-4C60-8B80-19CAE86DD4F7}
		{0D060CC8-D377-4A9B-90F3-B189525B77E1} = {AC5114BA-2AFF-4C60-8B80-19CAE86DD4F7}
		{A99660C3-0337-4038-8E56-F05012D7ACED} = {AC5114BA-2AFF-4C60-8B80-19CAE86DD4F7}
	EndGlobalSection
	GlobalSection(TestCaseManagementSettings) = postSolution
		CategoryFile = CUDAFingerprinting.vsmdi
	EndGlobalSection
EndGlobal
