
Microsoft Visual Studio Solution File, Format Version 12.00
# Visual Studio 2013
VisualStudioVersion = 12.0.21005.1
MinimumVisualStudioVersion = 10.0.40219.1
Project("{FAE04EC0-301F-11D3-BF4B-00C04F79EFBC}") = "CUDAFingerprinting.Common", "CUDAFingerprinting.Common\CUDAFingerprinting.Common.csproj", "{6FD094CC-0F63-47BD-A377-F054AE615517}"
EndProject
Project("{FAE04EC0-301F-11D3-BF4B-00C04F79EFBC}") = "CUDAFingerprinting.Common.ConvexHull", "CUDAFingerprinting.Common.ConvexHull\CUDAFingerprinting.Common.ConvexHull.csproj", "{DDF83AFE-585E-463E-8835-FD11B389EF04}"
EndProject
Project("{FAE04EC0-301F-11D3-BF4B-00C04F79EFBC}") = "CUDAFingerprinting.Common.OrientationField.Tests", "CUDAFingerprinting.Common.OrientationField.Test\CUDAFingerprinting.Common.OrientationField.Tests.csproj", "{12F715CF-D9A7-49CA-B0A3-D9E34CC60821}"
EndProject
Project("{2150E333-8FDC-42A3-9474-1A3956D46DE8}") = "Tests", "Tests", "{AC5114BA-2AFF-4C60-8B80-19CAE86DD4F7}"
EndProject
Project("{FAE04EC0-301F-11D3-BF4B-00C04F79EFBC}") = "CUDAFingerprinting.Common.Tests", "CUDAFingerprinting.Common.Tests\CUDAFingerprinting.Common.Tests.csproj", "{38A60AAB-F01A-4C84-9EEA-0B3D98B8AE89}"
EndProject
Project("{FAE04EC0-301F-11D3-BF4B-00C04F79EFBC}") = "CUDAFingerprinting.Common.ImageBinarization.Test", "CUDAFingerprinting.Common.ImageBinarization.Test\CUDAFingerprinting.Common.ImageBinarization.Test.csproj", "{112F87EA-2FE2-41AA-8251-BC0A47C79045}"
EndProject
Project("{FAE04EC0-301F-11D3-BF4B-00C04F79EFBC}") = "CUDAFingerprinting.Common.ImageBinarization", "CUDAFingerprinting.Common.ImageBinarization\CUDAFingerprinting.Common.ImageBinarization.csproj", "{F8561965-146A-405B-8048-C78164578D71}"
EndProject
Project("{FAE04EC0-301F-11D3-BF4B-00C04F79EFBC}") = "CUDAFingerprinting.Common.AdaptiveBinarization.Test", "CUDAFingerprinting.Common.AdaptiveBinarization.Test\CUDAFingerprinting.Common.AdaptiveBinarization.Test.csproj", "{FBDDA77E-B4A3-492F-90C6-0E3458A6E1FD}"
EndProject
Project("{FAE04EC0-301F-11D3-BF4B-00C04F79EFBC}") = "CUDAFingerprinting.Common.AdaptiveBinarization", "CUDAFingerprinting.Common.AdaptiveBinarization\CUDAFingerprinting.Common.AdaptiveBinarization.csproj", "{B5572B82-1C20-4D6A-A752-123CD7657007}"
EndProject
Project("{FAE04EC0-301F-11D3-BF4B-00C04F79EFBC}") = "CUDAFingerprinting.FeatureExtraction", "CUDAFingerprinting.FeatureExtraction\CUDAFingerprinting.FeatureExtraction.csproj", "{004C8B66-4BFC-4337-B4AD-12E125189051}"
EndProject
Project("{FAE04EC0-301F-11D3-BF4B-00C04F79EFBC}") = "CUDAFingerprinting.ImageEnhancement", "CUDAFingerprinting.ImageEnhancement\CUDAFingerprinting.ImageEnhancement.csproj", "{6B1354D8-3B37-4946-93C0-5FBC2EF11544}"
EndProject
Project("{FAE04EC0-301F-11D3-BF4B-00C04F79EFBC}") = "CUDAFingerprinting.TemplateMatching", "CUDAFingerprinting.TemplateMatching\CUDAFingerprinting.TemplateMatching.csproj", "{9DCDBFA8-D0FB-4F13-B903-C6A82F024297}"
EndProject
Project("{FAE04EC0-301F-11D3-BF4B-00C04F79EFBC}") = "CUDAFingerprinting.FeatureExtraction.Tests", "CUDAFingerprinting.FeatureExtraction.Tests\CUDAFingerprinting.FeatureExtraction.Tests.csproj", "{9947FE1D-C872-4CEE-97C4-3AEE1E2120A4}"
	ProjectSection(ProjectDependencies) = postProject
		{004C8B66-4BFC-4337-B4AD-12E125189051} = {004C8B66-4BFC-4337-B4AD-12E125189051}
		{6FD094CC-0F63-47BD-A377-F054AE615517} = {6FD094CC-0F63-47BD-A377-F054AE615517}
	EndProjectSection
EndProject
Project("{FAE04EC0-301F-11D3-BF4B-00C04F79EFBC}") = "CUDAFingerprinting.ImageEnhancement.Tests", "CUDAFingerprinting.ImageEnhancement.Tests\CUDAFingerprinting.ImageEnhancement.Tests.csproj", "{D7B25C5F-293D-47A4-ABAA-C25214AAEA84}"
EndProject
Project("{FAE04EC0-301F-11D3-BF4B-00C04F79EFBC}") = "CUDAFingerprinting.TemplateMatching.Tests", "CUDAFingerprinting.TemplateMatching.Tests\CUDAFingerprinting.TemplateMatching.Tests.csproj", "{68B2AF01-67F4-4DF1-AD22-E379F1B0540B}"
EndProject
Project("{FAE04EC0-301F-11D3-BF4B-00C04F79EFBC}") = "CUDAFingerprinting.MinutiaDetection", "CUDAFingerprinting.MinutiaDetection\CUDAFingerprinting.MinutiaDetection.csproj", "{29BD2034-69DC-4AC2-A98C-D9626FBA2F4B}"
	ProjectSection(ProjectDependencies) = postProject
		{6FD094CC-0F63-47BD-A377-F054AE615517} = {6FD094CC-0F63-47BD-A377-F054AE615517}
	EndProjectSection
EndProject
Project("{FAE04EC0-301F-11D3-BF4B-00C04F79EFBC}") = "CUDAFingerprinting.MinutiaDetection.Tests", "CUDAFingerprinting.MinutiaDetection.Tests\CUDAFingerprinting.MinutiaDetection.Tests.csproj", "{7E0C9725-C579-4FEF-9F23-538CB3E090DF}"
EndProject
Global
	GlobalSection(SolutionConfigurationPlatforms) = preSolution
		Debug|Any CPU = Debug|Any CPU
		Debug|Mixed Platforms = Debug|Mixed Platforms
		Debug|Win32 = Debug|Win32
		Debug|x64 = Debug|x64
		Debug|x86 = Debug|x86
		Release|Any CPU = Release|Any CPU
		Release|Mixed Platforms = Release|Mixed Platforms
		Release|Win32 = Release|Win32
		Release|x64 = Release|x64
		Release|x86 = Release|x86
	EndGlobalSection
	GlobalSection(ProjectConfigurationPlatforms) = postSolution
		{6FD094CC-0F63-47BD-A377-F054AE615517}.Debug|Any CPU.ActiveCfg = Debug|Any CPU
		{6FD094CC-0F63-47BD-A377-F054AE615517}.Debug|Any CPU.Build.0 = Debug|Any CPU
		{6FD094CC-0F63-47BD-A377-F054AE615517}.Debug|Mixed Platforms.ActiveCfg = Debug|Any CPU
		{6FD094CC-0F63-47BD-A377-F054AE615517}.Debug|Mixed Platforms.Build.0 = Debug|Any CPU
		{6FD094CC-0F63-47BD-A377-F054AE615517}.Debug|Win32.ActiveCfg = Debug|Any CPU
		{6FD094CC-0F63-47BD-A377-F054AE615517}.Debug|x64.ActiveCfg = Debug|Any CPU
		{6FD094CC-0F63-47BD-A377-F054AE615517}.Debug|x86.ActiveCfg = Debug|Any CPU
		{6FD094CC-0F63-47BD-A377-F054AE615517}.Release|Any CPU.ActiveCfg = Release|Any CPU
		{6FD094CC-0F63-47BD-A377-F054AE615517}.Release|Any CPU.Build.0 = Release|Any CPU
		{6FD094CC-0F63-47BD-A377-F054AE615517}.Release|Mixed Platforms.ActiveCfg = Release|Any CPU
		{6FD094CC-0F63-47BD-A377-F054AE615517}.Release|Mixed Platforms.Build.0 = Release|Any CPU
		{6FD094CC-0F63-47BD-A377-F054AE615517}.Release|Win32.ActiveCfg = Release|Any CPU
		{6FD094CC-0F63-47BD-A377-F054AE615517}.Release|x64.ActiveCfg = Release|Any CPU
		{6FD094CC-0F63-47BD-A377-F054AE615517}.Release|x86.ActiveCfg = Release|Any CPU
		{9CBC91CE-0EE7-4A78-A5F5-89EA40023F52}.Debug|Any CPU.ActiveCfg = Debug|Any CPU
		{9CBC91CE-0EE7-4A78-A5F5-89EA40023F52}.Debug|Any CPU.Build.0 = Debug|Any CPU
		{9CBC91CE-0EE7-4A78-A5F5-89EA40023F52}.Debug|Mixed Platforms.ActiveCfg = Debug|Any CPU
		{9CBC91CE-0EE7-4A78-A5F5-89EA40023F52}.Debug|Mixed Platforms.Build.0 = Debug|Any CPU
		{9CBC91CE-0EE7-4A78-A5F5-89EA40023F52}.Debug|Win32.ActiveCfg = Debug|Any CPU
		{9CBC91CE-0EE7-4A78-A5F5-89EA40023F52}.Debug|x64.ActiveCfg = Debug|Any CPU
		{9CBC91CE-0EE7-4A78-A5F5-89EA40023F52}.Debug|x86.ActiveCfg = Debug|Any CPU
		{9CBC91CE-0EE7-4A78-A5F5-89EA40023F52}.Release|Any CPU.ActiveCfg = Release|Any CPU
		{9CBC91CE-0EE7-4A78-A5F5-89EA40023F52}.Release|Any CPU.Build.0 = Release|Any CPU
		{9CBC91CE-0EE7-4A78-A5F5-89EA40023F52}.Release|Mixed Platforms.ActiveCfg = Release|Any CPU
		{9CBC91CE-0EE7-4A78-A5F5-89EA40023F52}.Release|Mixed Platforms.Build.0 = Release|Any CPU
		{9CBC91CE-0EE7-4A78-A5F5-89EA40023F52}.Release|Win32.ActiveCfg = Release|Any CPU
		{9CBC91CE-0EE7-4A78-A5F5-89EA40023F52}.Release|x64.ActiveCfg = Release|Any CPU
		{9CBC91CE-0EE7-4A78-A5F5-89EA40023F52}.Release|x86.ActiveCfg = Release|Any CPU
		{6BEF775C-E400-4EA6-A220-15BE47B27148}.Debug|Any CPU.ActiveCfg = Debug|Any CPU
		{6BEF775C-E400-4EA6-A220-15BE47B27148}.Debug|Any CPU.Build.0 = Debug|Any CPU
		{6BEF775C-E400-4EA6-A220-15BE47B27148}.Debug|Mixed Platforms.ActiveCfg = Debug|Any CPU
		{6BEF775C-E400-4EA6-A220-15BE47B27148}.Debug|Mixed Platforms.Build.0 = Debug|Any CPU
		{6BEF775C-E400-4EA6-A220-15BE47B27148}.Debug|Win32.ActiveCfg = Debug|Any CPU
		{6BEF775C-E400-4EA6-A220-15BE47B27148}.Debug|x64.ActiveCfg = Debug|Any CPU
		{6BEF775C-E400-4EA6-A220-15BE47B27148}.Debug|x86.ActiveCfg = Debug|Any CPU
		{6BEF775C-E400-4EA6-A220-15BE47B27148}.Release|Any CPU.ActiveCfg = Release|Any CPU
		{6BEF775C-E400-4EA6-A220-15BE47B27148}.Release|Any CPU.Build.0 = Release|Any CPU
		{6BEF775C-E400-4EA6-A220-15BE47B27148}.Release|Mixed Platforms.ActiveCfg = Release|Any CPU
		{6BEF775C-E400-4EA6-A220-15BE47B27148}.Release|Mixed Platforms.Build.0 = Release|Any CPU
		{6BEF775C-E400-4EA6-A220-15BE47B27148}.Release|Win32.ActiveCfg = Release|Any CPU
		{6BEF775C-E400-4EA6-A220-15BE47B27148}.Release|x64.ActiveCfg = Release|Any CPU
		{6BEF775C-E400-4EA6-A220-15BE47B27148}.Release|x86.ActiveCfg = Release|Any CPU
		{C57F6464-8900-4CC8-A08C-5A7B33BDAF60}.Debug|Any CPU.ActiveCfg = Debug|Any CPU
		{C57F6464-8900-4CC8-A08C-5A7B33BDAF60}.Debug|Any CPU.Build.0 = Debug|Any CPU
		{C57F6464-8900-4CC8-A08C-5A7B33BDAF60}.Debug|Mixed Platforms.ActiveCfg = Debug|Any CPU
		{C57F6464-8900-4CC8-A08C-5A7B33BDAF60}.Debug|Mixed Platforms.Build.0 = Debug|Any CPU
		{C57F6464-8900-4CC8-A08C-5A7B33BDAF60}.Debug|Win32.ActiveCfg = Debug|Any CPU
		{C57F6464-8900-4CC8-A08C-5A7B33BDAF60}.Debug|x64.ActiveCfg = Debug|Any CPU
		{C57F6464-8900-4CC8-A08C-5A7B33BDAF60}.Debug|x86.ActiveCfg = Debug|Any CPU
		{C57F6464-8900-4CC8-A08C-5A7B33BDAF60}.Release|Any CPU.ActiveCfg = Release|Any CPU
		{C57F6464-8900-4CC8-A08C-5A7B33BDAF60}.Release|Any CPU.Build.0 = Release|Any CPU
		{C57F6464-8900-4CC8-A08C-5A7B33BDAF60}.Release|Mixed Platforms.ActiveCfg = Release|Any CPU
		{C57F6464-8900-4CC8-A08C-5A7B33BDAF60}.Release|Mixed Platforms.Build.0 = Release|Any CPU
		{C57F6464-8900-4CC8-A08C-5A7B33BDAF60}.Release|Win32.ActiveCfg = Release|Any CPU
		{C57F6464-8900-4CC8-A08C-5A7B33BDAF60}.Release|x64.ActiveCfg = Release|Any CPU
		{C57F6464-8900-4CC8-A08C-5A7B33BDAF60}.Release|x86.ActiveCfg = Release|Any CPU
		{DDF83AFE-585E-463E-8835-FD11B389EF04}.Debug|Any CPU.ActiveCfg = Debug|Any CPU
		{DDF83AFE-585E-463E-8835-FD11B389EF04}.Debug|Any CPU.Build.0 = Debug|Any CPU
		{DDF83AFE-585E-463E-8835-FD11B389EF04}.Debug|Mixed Platforms.ActiveCfg = Debug|Any CPU
		{DDF83AFE-585E-463E-8835-FD11B389EF04}.Debug|Mixed Platforms.Build.0 = Debug|Any CPU
		{DDF83AFE-585E-463E-8835-FD11B389EF04}.Debug|Win32.ActiveCfg = Debug|Any CPU
		{DDF83AFE-585E-463E-8835-FD11B389EF04}.Debug|x64.ActiveCfg = Debug|Any CPU
		{DDF83AFE-585E-463E-8835-FD11B389EF04}.Debug|x86.ActiveCfg = Debug|Any CPU
		{DDF83AFE-585E-463E-8835-FD11B389EF04}.Release|Any CPU.ActiveCfg = Release|Any CPU
		{DDF83AFE-585E-463E-8835-FD11B389EF04}.Release|Any CPU.Build.0 = Release|Any CPU
		{DDF83AFE-585E-463E-8835-FD11B389EF04}.Release|Mixed Platforms.ActiveCfg = Release|Any CPU
		{DDF83AFE-585E-463E-8835-FD11B389EF04}.Release|Mixed Platforms.Build.0 = Release|Any CPU
		{DDF83AFE-585E-463E-8835-FD11B389EF04}.Release|Win32.ActiveCfg = Release|Any CPU
		{DDF83AFE-585E-463E-8835-FD11B389EF04}.Release|x64.ActiveCfg = Release|Any CPU
		{DDF83AFE-585E-463E-8835-FD11B389EF04}.Release|x86.ActiveCfg = Release|Any CPU
		{12F715CF-D9A7-49CA-B0A3-D9E34CC60821}.Debug|Any CPU.ActiveCfg = Debug|Any CPU
		{12F715CF-D9A7-49CA-B0A3-D9E34CC60821}.Debug|Any CPU.Build.0 = Debug|Any CPU
		{12F715CF-D9A7-49CA-B0A3-D9E34CC60821}.Debug|Mixed Platforms.ActiveCfg = Debug|Any CPU
		{12F715CF-D9A7-49CA-B0A3-D9E34CC60821}.Debug|Mixed Platforms.Build.0 = Debug|Any CPU
		{12F715CF-D9A7-49CA-B0A3-D9E34CC60821}.Debug|Win32.ActiveCfg = Debug|Any CPU
		{12F715CF-D9A7-49CA-B0A3-D9E34CC60821}.Debug|x64.ActiveCfg = Debug|Any CPU
		{12F715CF-D9A7-49CA-B0A3-D9E34CC60821}.Debug|x86.ActiveCfg = Debug|Any CPU
		{12F715CF-D9A7-49CA-B0A3-D9E34CC60821}.Release|Any CPU.ActiveCfg = Release|Any CPU
		{12F715CF-D9A7-49CA-B0A3-D9E34CC60821}.Release|Any CPU.Build.0 = Release|Any CPU
		{12F715CF-D9A7-49CA-B0A3-D9E34CC60821}.Release|Mixed Platforms.ActiveCfg = Release|Any CPU
		{12F715CF-D9A7-49CA-B0A3-D9E34CC60821}.Release|Mixed Platforms.Build.0 = Release|Any CPU
		{12F715CF-D9A7-49CA-B0A3-D9E34CC60821}.Release|Win32.ActiveCfg = Release|Any CPU
		{12F715CF-D9A7-49CA-B0A3-D9E34CC60821}.Release|x64.ActiveCfg = Release|Any CPU
		{12F715CF-D9A7-49CA-B0A3-D9E34CC60821}.Release|x86.ActiveCfg = Release|Any CPU
		{38A60AAB-F01A-4C84-9EEA-0B3D98B8AE89}.Debug|Any CPU.ActiveCfg = Debug|Any CPU
		{38A60AAB-F01A-4C84-9EEA-0B3D98B8AE89}.Debug|Any CPU.Build.0 = Debug|Any CPU
		{38A60AAB-F01A-4C84-9EEA-0B3D98B8AE89}.Debug|Mixed Platforms.ActiveCfg = Debug|Any CPU
		{38A60AAB-F01A-4C84-9EEA-0B3D98B8AE89}.Debug|Mixed Platforms.Build.0 = Debug|Any CPU
		{38A60AAB-F01A-4C84-9EEA-0B3D98B8AE89}.Debug|Win32.ActiveCfg = Debug|Any CPU
		{38A60AAB-F01A-4C84-9EEA-0B3D98B8AE89}.Debug|x64.ActiveCfg = Debug|Any CPU
		{38A60AAB-F01A-4C84-9EEA-0B3D98B8AE89}.Debug|x86.ActiveCfg = Debug|Any CPU
		{38A60AAB-F01A-4C84-9EEA-0B3D98B8AE89}.Release|Any CPU.ActiveCfg = Release|Any CPU
		{38A60AAB-F01A-4C84-9EEA-0B3D98B8AE89}.Release|Any CPU.Build.0 = Release|Any CPU
		{38A60AAB-F01A-4C84-9EEA-0B3D98B8AE89}.Release|Mixed Platforms.ActiveCfg = Release|Any CPU
		{38A60AAB-F01A-4C84-9EEA-0B3D98B8AE89}.Release|Mixed Platforms.Build.0 = Release|Any CPU
		{38A60AAB-F01A-4C84-9EEA-0B3D98B8AE89}.Release|Win32.ActiveCfg = Release|Any CPU
		{38A60AAB-F01A-4C84-9EEA-0B3D98B8AE89}.Release|x64.ActiveCfg = Release|Any CPU
		{38A60AAB-F01A-4C84-9EEA-0B3D98B8AE89}.Release|x86.ActiveCfg = Release|Any CPU
		{112F87EA-2FE2-41AA-8251-BC0A47C79045}.Debug|Any CPU.ActiveCfg = Debug|Any CPU
		{112F87EA-2FE2-41AA-8251-BC0A47C79045}.Debug|Any CPU.Build.0 = Debug|Any CPU
		{112F87EA-2FE2-41AA-8251-BC0A47C79045}.Debug|Mixed Platforms.ActiveCfg = Debug|Any CPU
		{112F87EA-2FE2-41AA-8251-BC0A47C79045}.Debug|Mixed Platforms.Build.0 = Debug|Any CPU
		{112F87EA-2FE2-41AA-8251-BC0A47C79045}.Debug|Win32.ActiveCfg = Debug|Any CPU
		{112F87EA-2FE2-41AA-8251-BC0A47C79045}.Debug|x64.ActiveCfg = Debug|Any CPU
		{112F87EA-2FE2-41AA-8251-BC0A47C79045}.Debug|x86.ActiveCfg = Debug|Any CPU
		{112F87EA-2FE2-41AA-8251-BC0A47C79045}.Release|Any CPU.ActiveCfg = Release|Any CPU
		{112F87EA-2FE2-41AA-8251-BC0A47C79045}.Release|Any CPU.Build.0 = Release|Any CPU
		{112F87EA-2FE2-41AA-8251-BC0A47C79045}.Release|Mixed Platforms.ActiveCfg = Release|Any CPU
		{112F87EA-2FE2-41AA-8251-BC0A47C79045}.Release|Mixed Platforms.Build.0 = Release|Any CPU
		{112F87EA-2FE2-41AA-8251-BC0A47C79045}.Release|Win32.ActiveCfg = Release|Any CPU
		{112F87EA-2FE2-41AA-8251-BC0A47C79045}.Release|x64.ActiveCfg = Release|Any CPU
		{112F87EA-2FE2-41AA-8251-BC0A47C79045}.Release|x86.ActiveCfg = Release|Any CPU
		{F8561965-146A-405B-8048-C78164578D71}.Debug|Any CPU.ActiveCfg = Debug|Any CPU
		{F8561965-146A-405B-8048-C78164578D71}.Debug|Any CPU.Build.0 = Debug|Any CPU
		{F8561965-146A-405B-8048-C78164578D71}.Debug|Mixed Platforms.ActiveCfg = Debug|Any CPU
		{F8561965-146A-405B-8048-C78164578D71}.Debug|Mixed Platforms.Build.0 = Debug|Any CPU
		{F8561965-146A-405B-8048-C78164578D71}.Debug|Win32.ActiveCfg = Debug|Any CPU
		{F8561965-146A-405B-8048-C78164578D71}.Debug|x64.ActiveCfg = Debug|Any CPU
		{F8561965-146A-405B-8048-C78164578D71}.Debug|x86.ActiveCfg = Debug|Any CPU
		{F8561965-146A-405B-8048-C78164578D71}.Release|Any CPU.ActiveCfg = Release|Any CPU
		{F8561965-146A-405B-8048-C78164578D71}.Release|Any CPU.Build.0 = Release|Any CPU
		{F8561965-146A-405B-8048-C78164578D71}.Release|Mixed Platforms.ActiveCfg = Release|Any CPU
		{F8561965-146A-405B-8048-C78164578D71}.Release|Mixed Platforms.Build.0 = Release|Any CPU
		{F8561965-146A-405B-8048-C78164578D71}.Release|Win32.ActiveCfg = Release|Any CPU
		{F8561965-146A-405B-8048-C78164578D71}.Release|x64.ActiveCfg = Release|Any CPU
		{F8561965-146A-405B-8048-C78164578D71}.Release|x86.ActiveCfg = Release|Any CPU
		{FBDDA77E-B4A3-492F-90C6-0E3458A6E1FD}.Debug|Any CPU.ActiveCfg = Debug|Any CPU
		{FBDDA77E-B4A3-492F-90C6-0E3458A6E1FD}.Debug|Any CPU.Build.0 = Debug|Any CPU
		{FBDDA77E-B4A3-492F-90C6-0E3458A6E1FD}.Debug|Mixed Platforms.ActiveCfg = Debug|Any CPU
		{FBDDA77E-B4A3-492F-90C6-0E3458A6E1FD}.Debug|Mixed Platforms.Build.0 = Debug|Any CPU
		{FBDDA77E-B4A3-492F-90C6-0E3458A6E1FD}.Debug|Win32.ActiveCfg = Debug|Any CPU
		{FBDDA77E-B4A3-492F-90C6-0E3458A6E1FD}.Debug|x64.ActiveCfg = Debug|Any CPU
		{FBDDA77E-B4A3-492F-90C6-0E3458A6E1FD}.Debug|x86.ActiveCfg = Debug|Any CPU
		{FBDDA77E-B4A3-492F-90C6-0E3458A6E1FD}.Release|Any CPU.ActiveCfg = Release|Any CPU
		{FBDDA77E-B4A3-492F-90C6-0E3458A6E1FD}.Release|Any CPU.Build.0 = Release|Any CPU
		{FBDDA77E-B4A3-492F-90C6-0E3458A6E1FD}.Release|Mixed Platforms.ActiveCfg = Release|Any CPU
		{FBDDA77E-B4A3-492F-90C6-0E3458A6E1FD}.Release|Mixed Platforms.Build.0 = Release|Any CPU
		{FBDDA77E-B4A3-492F-90C6-0E3458A6E1FD}.Release|Win32.ActiveCfg = Release|Any CPU
		{FBDDA77E-B4A3-492F-90C6-0E3458A6E1FD}.Release|x64.ActiveCfg = Release|Any CPU
		{FBDDA77E-B4A3-492F-90C6-0E3458A6E1FD}.Release|x86.ActiveCfg = Release|Any CPU
		{B5572B82-1C20-4D6A-A752-123CD7657007}.Debug|Any CPU.ActiveCfg = Debug|Any CPU
		{B5572B82-1C20-4D6A-A752-123CD7657007}.Debug|Any CPU.Build.0 = Debug|Any CPU
		{B5572B82-1C20-4D6A-A752-123CD7657007}.Debug|Mixed Platforms.ActiveCfg = Debug|Any CPU
		{B5572B82-1C20-4D6A-A752-123CD7657007}.Debug|Mixed Platforms.Build.0 = Debug|Any CPU
		{B5572B82-1C20-4D6A-A752-123CD7657007}.Debug|Win32.ActiveCfg = Debug|Any CPU
		{B5572B82-1C20-4D6A-A752-123CD7657007}.Debug|x64.ActiveCfg = Debug|Any CPU
		{B5572B82-1C20-4D6A-A752-123CD7657007}.Debug|x86.ActiveCfg = Debug|Any CPU
		{B5572B82-1C20-4D6A-A752-123CD7657007}.Release|Any CPU.ActiveCfg = Release|Any CPU
		{B5572B82-1C20-4D6A-A752-123CD7657007}.Release|Any CPU.Build.0 = Release|Any CPU
		{B5572B82-1C20-4D6A-A752-123CD7657007}.Release|Mixed Platforms.ActiveCfg = Release|Any CPU
		{B5572B82-1C20-4D6A-A752-123CD7657007}.Release|Mixed Platforms.Build.0 = Release|Any CPU
		{B5572B82-1C20-4D6A-A752-123CD7657007}.Release|Win32.ActiveCfg = Release|Any CPU
		{B5572B82-1C20-4D6A-A752-123CD7657007}.Release|x64.ActiveCfg = Release|Any CPU
		{B5572B82-1C20-4D6A-A752-123CD7657007}.Release|x86.ActiveCfg = Release|Any CPU
		{004C8B66-4BFC-4337-B4AD-12E125189051}.Debug|Any CPU.ActiveCfg = Debug|Any CPU
		{004C8B66-4BFC-4337-B4AD-12E125189051}.Debug|Any CPU.Build.0 = Debug|Any CPU
		{004C8B66-4BFC-4337-B4AD-12E125189051}.Debug|Mixed Platforms.ActiveCfg = Debug|Any CPU
		{004C8B66-4BFC-4337-B4AD-12E125189051}.Debug|Mixed Platforms.Build.0 = Debug|Any CPU
		{004C8B66-4BFC-4337-B4AD-12E125189051}.Debug|Win32.ActiveCfg = Debug|Any CPU
		{004C8B66-4BFC-4337-B4AD-12E125189051}.Debug|x64.ActiveCfg = Debug|Any CPU
		{004C8B66-4BFC-4337-B4AD-12E125189051}.Debug|x86.ActiveCfg = Debug|Any CPU
		{004C8B66-4BFC-4337-B4AD-12E125189051}.Release|Any CPU.ActiveCfg = Release|Any CPU
		{004C8B66-4BFC-4337-B4AD-12E125189051}.Release|Any CPU.Build.0 = Release|Any CPU
		{004C8B66-4BFC-4337-B4AD-12E125189051}.Release|Mixed Platforms.ActiveCfg = Release|Any CPU
		{004C8B66-4BFC-4337-B4AD-12E125189051}.Release|Mixed Platforms.Build.0 = Release|Any CPU
		{004C8B66-4BFC-4337-B4AD-12E125189051}.Release|Win32.ActiveCfg = Release|Any CPU
		{004C8B66-4BFC-4337-B4AD-12E125189051}.Release|x64.ActiveCfg = Release|Any CPU
		{004C8B66-4BFC-4337-B4AD-12E125189051}.Release|x86.ActiveCfg = Release|Any CPU
		{6B1354D8-3B37-4946-93C0-5FBC2EF11544}.Debug|Any CPU.ActiveCfg = Debug|Any CPU
		{6B1354D8-3B37-4946-93C0-5FBC2EF11544}.Debug|Any CPU.Build.0 = Debug|Any CPU
		{6B1354D8-3B37-4946-93C0-5FBC2EF11544}.Debug|Mixed Platforms.ActiveCfg = Debug|Any CPU
		{6B1354D8-3B37-4946-93C0-5FBC2EF11544}.Debug|Mixed Platforms.Build.0 = Debug|Any CPU
		{6B1354D8-3B37-4946-93C0-5FBC2EF11544}.Debug|Win32.ActiveCfg = Debug|Any CPU
		{6B1354D8-3B37-4946-93C0-5FBC2EF11544}.Debug|x64.ActiveCfg = Debug|Any CPU
		{6B1354D8-3B37-4946-93C0-5FBC2EF11544}.Debug|x86.ActiveCfg = Debug|Any CPU
		{6B1354D8-3B37-4946-93C0-5FBC2EF11544}.Release|Any CPU.ActiveCfg = Release|Any CPU
		{6B1354D8-3B37-4946-93C0-5FBC2EF11544}.Release|Any CPU.Build.0 = Release|Any CPU
		{6B1354D8-3B37-4946-93C0-5FBC2EF11544}.Release|Mixed Platforms.ActiveCfg = Release|Any CPU
		{6B1354D8-3B37-4946-93C0-5FBC2EF11544}.Release|Mixed Platforms.Build.0 = Release|Any CPU
		{6B1354D8-3B37-4946-93C0-5FBC2EF11544}.Release|Win32.ActiveCfg = Release|Any CPU
		{6B1354D8-3B37-4946-93C0-5FBC2EF11544}.Release|x64.ActiveCfg = Release|Any CPU
		{6B1354D8-3B37-4946-93C0-5FBC2EF11544}.Release|x86.ActiveCfg = Release|Any CPU
		{9DCDBFA8-D0FB-4F13-B903-C6A82F024297}.Debug|Any CPU.ActiveCfg = Debug|Any CPU
		{9DCDBFA8-D0FB-4F13-B903-C6A82F024297}.Debug|Any CPU.Build.0 = Debug|Any CPU
		{9DCDBFA8-D0FB-4F13-B903-C6A82F024297}.Debug|Mixed Platforms.ActiveCfg = Debug|Any CPU
		{9DCDBFA8-D0FB-4F13-B903-C6A82F024297}.Debug|Mixed Platforms.Build.0 = Debug|Any CPU
		{9DCDBFA8-D0FB-4F13-B903-C6A82F024297}.Debug|Win32.ActiveCfg = Debug|Any CPU
		{9DCDBFA8-D0FB-4F13-B903-C6A82F024297}.Debug|x64.ActiveCfg = Debug|Any CPU
		{9DCDBFA8-D0FB-4F13-B903-C6A82F024297}.Debug|x86.ActiveCfg = Debug|Any CPU
		{9DCDBFA8-D0FB-4F13-B903-C6A82F024297}.Release|Any CPU.ActiveCfg = Release|Any CPU
		{9DCDBFA8-D0FB-4F13-B903-C6A82F024297}.Release|Any CPU.Build.0 = Release|Any CPU
		{9DCDBFA8-D0FB-4F13-B903-C6A82F024297}.Release|Mixed Platforms.ActiveCfg = Release|Any CPU
		{9DCDBFA8-D0FB-4F13-B903-C6A82F024297}.Release|Mixed Platforms.Build.0 = Release|Any CPU
		{9DCDBFA8-D0FB-4F13-B903-C6A82F024297}.Release|Win32.ActiveCfg = Release|Any CPU
		{9DCDBFA8-D0FB-4F13-B903-C6A82F024297}.Release|x64.ActiveCfg = Release|Any CPU
		{9DCDBFA8-D0FB-4F13-B903-C6A82F024297}.Release|x86.ActiveCfg = Release|Any CPU
		{9947FE1D-C872-4CEE-97C4-3AEE1E2120A4}.Debug|Any CPU.ActiveCfg = Debug|Any CPU
		{9947FE1D-C872-4CEE-97C4-3AEE1E2120A4}.Debug|Any CPU.Build.0 = Debug|Any CPU
		{9947FE1D-C872-4CEE-97C4-3AEE1E2120A4}.Debug|Mixed Platforms.ActiveCfg = Debug|Any CPU
		{9947FE1D-C872-4CEE-97C4-3AEE1E2120A4}.Debug|Mixed Platforms.Build.0 = Debug|Any CPU
		{9947FE1D-C872-4CEE-97C4-3AEE1E2120A4}.Debug|Win32.ActiveCfg = Debug|Any CPU
		{9947FE1D-C872-4CEE-97C4-3AEE1E2120A4}.Debug|x64.ActiveCfg = Debug|Any CPU
		{9947FE1D-C872-4CEE-97C4-3AEE1E2120A4}.Debug|x86.ActiveCfg = Debug|Any CPU
		{9947FE1D-C872-4CEE-97C4-3AEE1E2120A4}.Release|Any CPU.ActiveCfg = Release|Any CPU
		{9947FE1D-C872-4CEE-97C4-3AEE1E2120A4}.Release|Any CPU.Build.0 = Release|Any CPU
		{9947FE1D-C872-4CEE-97C4-3AEE1E2120A4}.Release|Mixed Platforms.ActiveCfg = Release|Any CPU
		{9947FE1D-C872-4CEE-97C4-3AEE1E2120A4}.Release|Mixed Platforms.Build.0 = Release|Any CPU
		{9947FE1D-C872-4CEE-97C4-3AEE1E2120A4}.Release|Win32.ActiveCfg = Release|Any CPU
		{9947FE1D-C872-4CEE-97C4-3AEE1E2120A4}.Release|x64.ActiveCfg = Release|Any CPU
		{9947FE1D-C872-4CEE-97C4-3AEE1E2120A4}.Release|x86.ActiveCfg = Release|Any CPU
		{D7B25C5F-293D-47A4-ABAA-C25214AAEA84}.Debug|Any CPU.ActiveCfg = Debug|Any CPU
		{D7B25C5F-293D-47A4-ABAA-C25214AAEA84}.Debug|Any CPU.Build.0 = Debug|Any CPU
		{D7B25C5F-293D-47A4-ABAA-C25214AAEA84}.Debug|Mixed Platforms.ActiveCfg = Debug|Any CPU
		{D7B25C5F-293D-47A4-ABAA-C25214AAEA84}.Debug|Mixed Platforms.Build.0 = Debug|Any CPU
		{D7B25C5F-293D-47A4-ABAA-C25214AAEA84}.Debug|Win32.ActiveCfg = Debug|Any CPU
		{D7B25C5F-293D-47A4-ABAA-C25214AAEA84}.Debug|x64.ActiveCfg = Debug|Any CPU
		{D7B25C5F-293D-47A4-ABAA-C25214AAEA84}.Debug|x86.ActiveCfg = Debug|Any CPU
		{D7B25C5F-293D-47A4-ABAA-C25214AAEA84}.Release|Any CPU.ActiveCfg = Release|Any CPU
		{D7B25C5F-293D-47A4-ABAA-C25214AAEA84}.Release|Any CPU.Build.0 = Release|Any CPU
		{D7B25C5F-293D-47A4-ABAA-C25214AAEA84}.Release|Mixed Platforms.ActiveCfg = Release|Any CPU
		{D7B25C5F-293D-47A4-ABAA-C25214AAEA84}.Release|Mixed Platforms.Build.0 = Release|Any CPU
		{D7B25C5F-293D-47A4-ABAA-C25214AAEA84}.Release|Win32.ActiveCfg = Release|Any CPU
		{D7B25C5F-293D-47A4-ABAA-C25214AAEA84}.Release|x64.ActiveCfg = Release|Any CPU
		{D7B25C5F-293D-47A4-ABAA-C25214AAEA84}.Release|x86.ActiveCfg = Release|Any CPU
		{68B2AF01-67F4-4DF1-AD22-E379F1B0540B}.Debug|Any CPU.ActiveCfg = Debug|Any CPU
		{68B2AF01-67F4-4DF1-AD22-E379F1B0540B}.Debug|Any CPU.Build.0 = Debug|Any CPU
		{68B2AF01-67F4-4DF1-AD22-E379F1B0540B}.Debug|Mixed Platforms.ActiveCfg = Debug|Any CPU
		{68B2AF01-67F4-4DF1-AD22-E379F1B0540B}.Debug|Mixed Platforms.Build.0 = Debug|Any CPU
		{68B2AF01-67F4-4DF1-AD22-E379F1B0540B}.Debug|Win32.ActiveCfg = Debug|Any CPU
		{68B2AF01-67F4-4DF1-AD22-E379F1B0540B}.Debug|x64.ActiveCfg = Debug|Any CPU
		{68B2AF01-67F4-4DF1-AD22-E379F1B0540B}.Debug|x86.ActiveCfg = Debug|Any CPU
		{68B2AF01-67F4-4DF1-AD22-E379F1B0540B}.Release|Any CPU.ActiveCfg = Release|Any CPU
		{68B2AF01-67F4-4DF1-AD22-E379F1B0540B}.Release|Any CPU.Build.0 = Release|Any CPU
		{68B2AF01-67F4-4DF1-AD22-E379F1B0540B}.Release|Mixed Platforms.ActiveCfg = Release|Any CPU
		{68B2AF01-67F4-4DF1-AD22-E379F1B0540B}.Release|Mixed Platforms.Build.0 = Release|Any CPU
		{68B2AF01-67F4-4DF1-AD22-E379F1B0540B}.Release|Win32.ActiveCfg = Release|Any CPU
		{68B2AF01-67F4-4DF1-AD22-E379F1B0540B}.Release|x64.ActiveCfg = Release|Any CPU
		{68B2AF01-67F4-4DF1-AD22-E379F1B0540B}.Release|x86.ActiveCfg = Release|Any CPU
		{29BD2034-69DC-4AC2-A98C-D9626FBA2F4B}.Debug|Any CPU.ActiveCfg = Debug|Any CPU
		{29BD2034-69DC-4AC2-A98C-D9626FBA2F4B}.Debug|Any CPU.Build.0 = Debug|Any CPU
		{29BD2034-69DC-4AC2-A98C-D9626FBA2F4B}.Debug|Mixed Platforms.ActiveCfg = Debug|Any CPU
		{29BD2034-69DC-4AC2-A98C-D9626FBA2F4B}.Debug|Mixed Platforms.Build.0 = Debug|Any CPU
		{29BD2034-69DC-4AC2-A98C-D9626FBA2F4B}.Debug|Win32.ActiveCfg = Debug|Any CPU
		{29BD2034-69DC-4AC2-A98C-D9626FBA2F4B}.Debug|x64.ActiveCfg = Debug|Any CPU
		{29BD2034-69DC-4AC2-A98C-D9626FBA2F4B}.Debug|x86.ActiveCfg = Debug|Any CPU
		{29BD2034-69DC-4AC2-A98C-D9626FBA2F4B}.Release|Any CPU.ActiveCfg = Release|Any CPU
		{29BD2034-69DC-4AC2-A98C-D9626FBA2F4B}.Release|Any CPU.Build.0 = Release|Any CPU
		{29BD2034-69DC-4AC2-A98C-D9626FBA2F4B}.Release|Mixed Platforms.ActiveCfg = Release|Any CPU
		{29BD2034-69DC-4AC2-A98C-D9626FBA2F4B}.Release|Mixed Platforms.Build.0 = Release|Any CPU
		{29BD2034-69DC-4AC2-A98C-D9626FBA2F4B}.Release|Win32.ActiveCfg = Release|Any CPU
		{29BD2034-69DC-4AC2-A98C-D9626FBA2F4B}.Release|x64.ActiveCfg = Release|Any CPU
		{29BD2034-69DC-4AC2-A98C-D9626FBA2F4B}.Release|x86.ActiveCfg = Release|Any CPU
		{7E0C9725-C579-4FEF-9F23-538CB3E090DF}.Debug|Any CPU.ActiveCfg = Debug|Any CPU
		{7E0C9725-C579-4FEF-9F23-538CB3E090DF}.Debug|Any CPU.Build.0 = Debug|Any CPU
		{7E0C9725-C579-4FEF-9F23-538CB3E090DF}.Debug|Mixed Platforms.ActiveCfg = Debug|Any CPU
		{7E0C9725-C579-4FEF-9F23-538CB3E090DF}.Debug|Mixed Platforms.Build.0 = Debug|Any CPU
		{7E0C9725-C579-4FEF-9F23-538CB3E090DF}.Debug|Win32.ActiveCfg = Debug|Any CPU
		{7E0C9725-C579-4FEF-9F23-538CB3E090DF}.Debug|x64.ActiveCfg = Debug|Any CPU
		{7E0C9725-C579-4FEF-9F23-538CB3E090DF}.Debug|x86.ActiveCfg = Debug|Any CPU
		{7E0C9725-C579-4FEF-9F23-538CB3E090DF}.Release|Any CPU.ActiveCfg = Release|Any CPU
		{7E0C9725-C579-4FEF-9F23-538CB3E090DF}.Release|Any CPU.Build.0 = Release|Any CPU
		{7E0C9725-C579-4FEF-9F23-538CB3E090DF}.Release|Mixed Platforms.ActiveCfg = Release|Any CPU
		{7E0C9725-C579-4FEF-9F23-538CB3E090DF}.Release|Mixed Platforms.Build.0 = Release|Any CPU
		{7E0C9725-C579-4FEF-9F23-538CB3E090DF}.Release|Win32.ActiveCfg = Release|Any CPU
		{7E0C9725-C579-4FEF-9F23-538CB3E090DF}.Release|x64.ActiveCfg = Release|Any CPU
		{7E0C9725-C579-4FEF-9F23-538CB3E090DF}.Release|x86.ActiveCfg = Release|Any CPU
	EndGlobalSection
	GlobalSection(SolutionProperties) = preSolution
		HideSolutionNode = FALSE
	EndGlobalSection
	GlobalSection(NestedProjects) = preSolution
		{12F715CF-D9A7-49CA-B0A3-D9E34CC60821} = {AC5114BA-2AFF-4C60-8B80-19CAE86DD4F7}
		{38A60AAB-F01A-4C84-9EEA-0B3D98B8AE89} = {AC5114BA-2AFF-4C60-8B80-19CAE86DD4F7}
		{112F87EA-2FE2-41AA-8251-BC0A47C79045} = {AC5114BA-2AFF-4C60-8B80-19CAE86DD4F7}
		{FBDDA77E-B4A3-492F-90C6-0E3458A6E1FD} = {AC5114BA-2AFF-4C60-8B80-19CAE86DD4F7}
		{9947FE1D-C872-4CEE-97C4-3AEE1E2120A4} = {AC5114BA-2AFF-4C60-8B80-19CAE86DD4F7}
		{D7B25C5F-293D-47A4-ABAA-C25214AAEA84} = {AC5114BA-2AFF-4C60-8B80-19CAE86DD4F7}
		{68B2AF01-67F4-4DF1-AD22-E379F1B0540B} = {AC5114BA-2AFF-4C60-8B80-19CAE86DD4F7}
		{7E0C9725-C579-4FEF-9F23-538CB3E090DF} = {AC5114BA-2AFF-4C60-8B80-19CAE86DD4F7}
		{35EC1A3A-9884-4CF1-AE64-94C3E73665B6} = {AC5114BA-2AFF-4C60-8B80-19CAE86DD4F7}
	EndGlobalSection
	GlobalSection(TestCaseManagementSettings) = postSolution
		CategoryFile = CUDAFingerprinting.vsmdi
	EndGlobalSection
EndGlobal
