<?xml version="1.0" encoding="utf-8"?>
<Project ToolsVersion="4.0" xmlns="http://schemas.microsoft.com/developer/msbuild/2003">
  <ItemGroup>
    <CudaCompile Include="kernel.cu" />
  </ItemGroup>
  <ItemGroup>
    <Filter Include="Headers">
      <UniqueIdentifier>{6f556c92-3164-4185-85e9-3c541ac8b7eb}</UniqueIdentifier>
    </Filter>
    <Filter Include="Sources">
      <UniqueIdentifier>{8bf69d5a-e6c1-43f1-8df0-1ee570604424}</UniqueIdentifier>
    </Filter>
  </ItemGroup>
</Project>