
Microsoft Visual Studio Solution File, Format Version 12.00
# Visual Studio 2013
VisualStudioVersion = 12.0.31101.0
MinimumVisualStudioVersion = 10.0.40219.1
Project("{FAE04EC0-301F-11D3-BF4B-00C04F79EFBC}") = "TriangulationWithAfineTransformation", "TriangulationWithAfineTransformation\TriangulationWithAfineTransformation.csproj", "{437EC26D-E013-4E5C-AA1C-FB57655EC2E1}"
EndProject
Project("{FAE04EC0-301F-11D3-BF4B-00C04F79EFBC}") = "CUDAFingerprinting.MinutiaDetection", "..\..\CUDA-Fingerprinting\Code\CUDAFingerprinting.MinutiaDetection\CUDAFingerprinting.MinutiaDetection.csproj", "{29BD2034-69DC-4AC2-A98C-D9626FBA2F4B}"
EndProject
Project("{FAE04EC0-301F-11D3-BF4B-00C04F79EFBC}") = "CUDAFingerprinting.Common", "..\..\CUDA-Fingerprinting\Code\CUDAFingerprinting.Common\CUDAFingerprinting.Common.csproj", "{6FD094CC-0F63-47BD-A377-F054AE615517}"
	ProjectSection(ProjectDependencies) = postProject
		{9DCDBFA8-D0FB-4F13-B903-C6A82F024297} = {9DCDBFA8-D0FB-4F13-B903-C6A82F024297}
	EndProjectSection
EndProject
Project("{FAE04EC0-301F-11D3-BF4B-00C04F79EFBC}") = "CUDAFingerprinting.FeatureExtraction", "..\..\CUDA-Fingerprinting\Code\CUDAFingerprinting.FeatureExtraction\CUDAFingerprinting.FeatureExtraction.csproj", "{004C8B66-4BFC-4337-B4AD-12E125189051}"
EndProject
Project("{FAE04EC0-301F-11D3-BF4B-00C04F79EFBC}") = "CUDAFingerprinting.ImageProcessing", "..\..\CUDA-Fingerprinting\Code\CUDAFingerprinting.ImageProcessing\CUDAFingerprinting.ImageProcessing.csproj", "{6B1354D8-3B37-4946-93C0-5FBC2EF11544}"
EndProject
Project("{FAE04EC0-301F-11D3-BF4B-00C04F79EFBC}") = "CUDAFingerprinting.TemplateMatching", "..\..\CUDA-Fingerprinting\Code\CUDAFingerprinting.TemplateMatching\CUDAFingerprinting.TemplateMatching.csproj", "{9DCDBFA8-D0FB-4F13-B903-C6A82F024297}"
EndProject
Global
	GlobalSection(SolutionConfigurationPlatforms) = preSolution
		Debug|Any CPU = Debug|Any CPU
		Release|Any CPU = Release|Any CPU
	EndGlobalSection
	GlobalSection(ProjectConfigurationPlatforms) = postSolution
		{437EC26D-E013-4E5C-AA1C-FB57655EC2E1}.Debug|Any CPU.ActiveCfg = Debug|Any CPU
		{437EC26D-E013-4E5C-AA1C-FB57655EC2E1}.Debug|Any CPU.Build.0 = Debug|Any CPU
		{437EC26D-E013-4E5C-AA1C-FB57655EC2E1}.Release|Any CPU.ActiveCfg = Release|Any CPU
		{437EC26D-E013-4E5C-AA1C-FB57655EC2E1}.Release|Any CPU.Build.0 = Release|Any CPU
		{29BD2034-69DC-4AC2-A98C-D9626FBA2F4B}.Debug|Any CPU.ActiveCfg = Debug|Any CPU
		{29BD2034-69DC-4AC2-A98C-D9626FBA2F4B}.Debug|Any CPU.Build.0 = Debug|Any CPU
		{29BD2034-69DC-4AC2-A98C-D9626FBA2F4B}.Release|Any CPU.ActiveCfg = Release|Any CPU
		{29BD2034-69DC-4AC2-A98C-D9626FBA2F4B}.Release|Any CPU.Build.0 = Release|Any CPU
		{6FD094CC-0F63-47BD-A377-F054AE615517}.Debug|Any CPU.ActiveCfg = Debug|Any CPU
		{6FD094CC-0F63-47BD-A377-F054AE615517}.Debug|Any CPU.Build.0 = Debug|Any CPU
		{6FD094CC-0F63-47BD-A377-F054AE615517}.Release|Any CPU.ActiveCfg = Release|Any CPU
		{6FD094CC-0F63-47BD-A377-F054AE615517}.Release|Any CPU.Build.0 = Release|Any CPU
		{004C8B66-4BFC-4337-B4AD-12E125189051}.Debug|Any CPU.ActiveCfg = Debug|Any CPU
		{004C8B66-4BFC-4337-B4AD-12E125189051}.Debug|Any CPU.Build.0 = Debug|Any CPU
		{004C8B66-4BFC-4337-B4AD-12E125189051}.Release|Any CPU.ActiveCfg = Release|Any CPU
		{004C8B66-4BFC-4337-B4AD-12E125189051}.Release|Any CPU.Build.0 = Release|Any CPU
		{6B1354D8-3B37-4946-93C0-5FBC2EF11544}.Debug|Any CPU.ActiveCfg = Debug|Any CPU
		{6B1354D8-3B37-4946-93C0-5FBC2EF11544}.Debug|Any CPU.Build.0 = Debug|Any CPU
		{6B1354D8-3B37-4946-93C0-5FBC2EF11544}.Release|Any CPU.ActiveCfg = Release|Any CPU
		{6B1354D8-3B37-4946-93C0-5FBC2EF11544}.Release|Any CPU.Build.0 = Release|Any CPU
		{9DCDBFA8-D0FB-4F13-B903-C6A82F024297}.Debug|Any CPU.ActiveCfg = Debug|Any CPU
		{9DCDBFA8-D0FB-4F13-B903-C6A82F024297}.Debug|Any CPU.Build.0 = Debug|Any CPU
		{9DCDBFA8-D0FB-4F13-B903-C6A82F024297}.Release|Any CPU.ActiveCfg = Release|Any CPU
		{9DCDBFA8-D0FB-4F13-B903-C6A82F024297}.Release|Any CPU.Build.0 = Release|Any CPU
	EndGlobalSection
	GlobalSection(SolutionProperties) = preSolution
		HideSolutionNode = FALSE
	EndGlobalSection
EndGlobal
